
Microsoft Visual Studio Solution File, Format Version 12.00
# Visual Studio Version 17
VisualStudioVersion = 17.3.32825.248
MinimumVisualStudioVersion = 10.0.40219.1
Project("{FAE04EC0-301F-11D3-BF4B-00C04F79EFBC}") = "ConverterValut", "ConverterValut\ConverterValut.csproj", "{4DD7B7D8-7BE6-4315-9C1B-EDD8106487FF}"
EndProject
Global
	GlobalSection(SolutionConfigurationPlatforms) = preSolution
		Debug|Any CPU = Debug|Any CPU
		Release|Any CPU = Release|Any CPU
	EndGlobalSection
	GlobalSection(ProjectConfigurationPlatforms) = postSolution
		{4DD7B7D8-7BE6-4315-9C1B-EDD8106487FF}.Debug|Any CPU.ActiveCfg = Debug|Any CPU
		{4DD7B7D8-7BE6-4315-9C1B-EDD8106487FF}.Debug|Any CPU.Build.0 = Debug|Any CPU
		{4DD7B7D8-7BE6-4315-9C1B-EDD8106487FF}.Release|Any CPU.ActiveCfg = Release|Any CPU
		{4DD7B7D8-7BE6-4315-9C1B-EDD8106487FF}.Release|Any CPU.Build.0 = Release|Any CPU
	EndGlobalSection
	GlobalSection(SolutionProperties) = preSolution
		HideSolutionNode = FALSE
	EndGlobalSection
	GlobalSection(ExtensibilityGlobals) = postSolution
		SolutionGuid = {B10DB814-8744-43D2-B8B1-786006F6E060}
	EndGlobalSection
EndGlobal
